{
  "name": "frida-mono-api-maui",
  "version": "0.1.0",
  "lockfileVersion": 3,
  "requires": true,
  "packages": {
    "": {
      "name": "frida-mono-api-maui",
      "version": "0.1.0",
      "license": "MIT",
      "dependencies": {
        "frida-ex-nativefunction": "^0.1.2"
      }
    },
    "node_modules/frida-ex-nativefunction": {
      "version": "0.1.2",
      "resolved": "https://registry.npmjs.org/frida-ex-nativefunction/-/frida-ex-nativefunction-0.1.2.tgz",
      "integrity": "sha512-Gp1tQWsQnTuoYBuqZurk9NjuObzlR6W2B3mZgtTCUMriSe+6SdW8757s7f2sfDOjLwvp3zLfJvcA4R5NuGkkMw==",
      "license": "MIT"
    }
  }
}
